
Microsoft Visual Studio Solution File, Format Version 12.00
# Visual Studio 15
VisualStudioVersion = 15.0.27004.2006
MinimumVisualStudioVersion = 10.0.40219.1
Project("{FAE04EC0-301F-11D3-BF4B-00C04F79EFBC}") = "AdruinoTest1", "AdruinoTest1\AdruinoTest1.csproj", "{A34FEC10-C41D-446B-931A-16E6DFE5123E}"
EndProject
Global
	GlobalSection(SolutionConfigurationPlatforms) = preSolution
		Debug|Any CPU = Debug|Any CPU
		Release|Any CPU = Release|Any CPU
	EndGlobalSection
	GlobalSection(ProjectConfigurationPlatforms) = postSolution
		{A34FEC10-C41D-446B-931A-16E6DFE5123E}.Debug|Any CPU.ActiveCfg = Debug|Any CPU
		{A34FEC10-C41D-446B-931A-16E6DFE5123E}.Debug|Any CPU.Build.0 = Debug|Any CPU
		{A34FEC10-C41D-446B-931A-16E6DFE5123E}.Release|Any CPU.ActiveCfg = Release|Any CPU
		{A34FEC10-C41D-446B-931A-16E6DFE5123E}.Release|Any CPU.Build.0 = Release|Any CPU
	EndGlobalSection
	GlobalSection(SolutionProperties) = preSolution
		HideSolutionNode = FALSE
	EndGlobalSection
	GlobalSection(ExtensibilityGlobals) = postSolution
		SolutionGuid = {3C80B876-47F5-42EC-BD98-02683E61B313}
	EndGlobalSection
EndGlobal
